{
  "name": "hexlib",
  "version": "0.0.1",
  "lockfileVersion": 2,
  "requires": true,
  "packages": {
    "": {
      "name": "hexlib",
      "version": "0.0.1",
      "license": "MIT",
      "devDependencies": {
        "elm-tooling": "^1.14.1"
      }
    },
    "node_modules/elm-tooling": {
      "version": "1.14.1",
      "resolved": "https://registry.npmjs.org/elm-tooling/-/elm-tooling-1.14.1.tgz",
      "integrity": "sha512-3LjMe2WXdH/0swZsWT6R9RS73NhsqqLjbwS2PF0QmFauCII/9nomOtFFv/DIPOJ3oxbKFltBgvDELMCMdV+Bww==",
      "dev": true,
      "bin": {
        "elm-tooling": "index.js"
      }
    }
  },
  "dependencies": {
    "elm-tooling": {
      "version": "1.14.1",
      "resolved": "https://registry.npmjs.org/elm-tooling/-/elm-tooling-1.14.1.tgz",
      "integrity": "sha512-3LjMe2WXdH/0swZsWT6R9RS73NhsqqLjbwS2PF0QmFauCII/9nomOtFFv/DIPOJ3oxbKFltBgvDELMCMdV+Bww==",
      "dev": true
    }
  }
}
